
Microsoft Visual Studio Solution File, Format Version 12.00
# Visual Studio 15
VisualStudioVersion = 15.0.27703.2000
MinimumVisualStudioVersion = 10.0.40219.1
Project("{FAE04EC0-301F-11D3-BF4B-00C04F79EFBC}") = "1_TypyGeneryczne", "1_TypyGeneryczne\1_TypyGeneryczne.csproj", "{027FDB0B-05E9-4F25-9E3F-21F21F71EFC2}"
EndProject
Project("{FAE04EC0-301F-11D3-BF4B-00C04F79EFBC}") = "2_KolekcjeGeneryczne", "2_KolekcjeGeneryczne\2_KolekcjeGeneryczne.csproj", "{9350E526-4F64-4481-85AC-81C1C49007B0}"
EndProject
Project("{FAE04EC0-301F-11D3-BF4B-00C04F79EFBC}") = "1_TypyGeneryczneTests", "1_TypyGeneryczneTests\1_TypyGeneryczneTests.csproj", "{52AE250F-5D1A-40B4-94F4-AAB9AC7AED96}"
EndProject
Project("{FAE04EC0-301F-11D3-BF4B-00C04F79EFBC}") = "2_KolekcjeGeneryczneTests", "2_KolekcjeGeneryczneTests\2_KolekcjeGeneryczneTests.csproj", "{7500C916-B485-40AC-ADFB-DADB8C24E18A}"
EndProject
Global
	GlobalSection(SolutionConfigurationPlatforms) = preSolution
		Debug|Any CPU = Debug|Any CPU
		Release|Any CPU = Release|Any CPU
	EndGlobalSection
	GlobalSection(ProjectConfigurationPlatforms) = postSolution
		{027FDB0B-05E9-4F25-9E3F-21F21F71EFC2}.Debug|Any CPU.ActiveCfg = Debug|Any CPU
		{027FDB0B-05E9-4F25-9E3F-21F21F71EFC2}.Debug|Any CPU.Build.0 = Debug|Any CPU
		{027FDB0B-05E9-4F25-9E3F-21F21F71EFC2}.Release|Any CPU.ActiveCfg = Release|Any CPU
		{027FDB0B-05E9-4F25-9E3F-21F21F71EFC2}.Release|Any CPU.Build.0 = Release|Any CPU
		{9350E526-4F64-4481-85AC-81C1C49007B0}.Debug|Any CPU.ActiveCfg = Debug|Any CPU
		{9350E526-4F64-4481-85AC-81C1C49007B0}.Debug|Any CPU.Build.0 = Debug|Any CPU
		{9350E526-4F64-4481-85AC-81C1C49007B0}.Release|Any CPU.ActiveCfg = Release|Any CPU
		{9350E526-4F64-4481-85AC-81C1C49007B0}.Release|Any CPU.Build.0 = Release|Any CPU
		{52AE250F-5D1A-40B4-94F4-AAB9AC7AED96}.Debug|Any CPU.ActiveCfg = Debug|Any CPU
		{52AE250F-5D1A-40B4-94F4-AAB9AC7AED96}.Debug|Any CPU.Build.0 = Debug|Any CPU
		{52AE250F-5D1A-40B4-94F4-AAB9AC7AED96}.Release|Any CPU.ActiveCfg = Release|Any CPU
		{52AE250F-5D1A-40B4-94F4-AAB9AC7AED96}.Release|Any CPU.Build.0 = Release|Any CPU
		{7500C916-B485-40AC-ADFB-DADB8C24E18A}.Debug|Any CPU.ActiveCfg = Debug|Any CPU
		{7500C916-B485-40AC-ADFB-DADB8C24E18A}.Debug|Any CPU.Build.0 = Debug|Any CPU
		{7500C916-B485-40AC-ADFB-DADB8C24E18A}.Release|Any CPU.ActiveCfg = Release|Any CPU
		{7500C916-B485-40AC-ADFB-DADB8C24E18A}.Release|Any CPU.Build.0 = Release|Any CPU
	EndGlobalSection
	GlobalSection(SolutionProperties) = preSolution
		HideSolutionNode = FALSE
	EndGlobalSection
	GlobalSection(ExtensibilityGlobals) = postSolution
		SolutionGuid = {81EBF0E5-9F95-4588-AD23-8807F66C33E3}
	EndGlobalSection
EndGlobal
